
Microsoft Visual Studio Solution File, Format Version 12.00
# Visual Studio Version 16
VisualStudioVersion = 16.0.30114.105
MinimumVisualStudioVersion = 10.0.40219.1
Project("{2150E333-8FDC-42A3-9474-1A3956D46DE8}") = "src", "src", "{C7372005-F600-408D-B8E0-30997BA588F5}"
EndProject
Project("{FAE04EC0-301F-11D3-BF4B-00C04F79EFBC}") = "BinaryImageClassifier", "src\BinaryImageClassifier\BinaryImageClassifier.csproj", "{4BA0D9C7-07BF-48FD-A01A-F9113C44DC83}"
EndProject
Global
	GlobalSection(SolutionConfigurationPlatforms) = preSolution
		Debug|Any CPU = Debug|Any CPU
		Release|Any CPU = Release|Any CPU
	EndGlobalSection
	GlobalSection(SolutionProperties) = preSolution
		HideSolutionNode = FALSE
	EndGlobalSection
	GlobalSection(ProjectConfigurationPlatforms) = postSolution
		{4BA0D9C7-07BF-48FD-A01A-F9113C44DC83}.Debug|Any CPU.ActiveCfg = Debug|Any CPU
		{4BA0D9C7-07BF-48FD-A01A-F9113C44DC83}.Debug|Any CPU.Build.0 = Debug|Any CPU
		{4BA0D9C7-07BF-48FD-A01A-F9113C44DC83}.Release|Any CPU.ActiveCfg = Release|Any CPU
		{4BA0D9C7-07BF-48FD-A01A-F9113C44DC83}.Release|Any CPU.Build.0 = Release|Any CPU
	EndGlobalSection
	GlobalSection(NestedProjects) = preSolution
		{4BA0D9C7-07BF-48FD-A01A-F9113C44DC83} = {C7372005-F600-408D-B8E0-30997BA588F5}
	EndGlobalSection
EndGlobal
