
Microsoft Visual Studio Solution File, Format Version 12.00
# Visual Studio Version 17
VisualStudioVersion = 17.0.31903.59
MinimumVisualStudioVersion = 10.0.40219.1
Project("{2150E333-8FDC-42A3-9474-1A3956D46DE8}") = "src", "src", "{8363B960-EEE4-43E5-9C97-56C8DEF0313A}"
EndProject
Project("{FAE04EC0-301F-11D3-BF4B-00C04F79EFBC}") = "ImageClassifier", "src\ImageClassifier\ImageClassifier.csproj", "{C51602BC-14EB-4501-8236-720A409B5275}"
EndProject
Global
	GlobalSection(SolutionConfigurationPlatforms) = preSolution
		Debug|Any CPU = Debug|Any CPU
		Release|Any CPU = Release|Any CPU
	EndGlobalSection
	GlobalSection(SolutionProperties) = preSolution
		HideSolutionNode = FALSE
	EndGlobalSection
	GlobalSection(ProjectConfigurationPlatforms) = postSolution
		{C51602BC-14EB-4501-8236-720A409B5275}.Debug|Any CPU.ActiveCfg = Debug|Any CPU
		{C51602BC-14EB-4501-8236-720A409B5275}.Debug|Any CPU.Build.0 = Debug|Any CPU
		{C51602BC-14EB-4501-8236-720A409B5275}.Release|Any CPU.ActiveCfg = Release|Any CPU
		{C51602BC-14EB-4501-8236-720A409B5275}.Release|Any CPU.Build.0 = Release|Any CPU
	EndGlobalSection
	GlobalSection(NestedProjects) = preSolution
		{C51602BC-14EB-4501-8236-720A409B5275} = {8363B960-EEE4-43E5-9C97-56C8DEF0313A}
	EndGlobalSection
EndGlobal
